
Microsoft Visual Studio Solution File, Format Version 12.00
# Visual Studio Version 17
VisualStudioVersion = 17.11.35222.181
MinimumVisualStudioVersion = 10.0.40219.1
Project("{9A19103F-16F7-4668-BE54-9A1E7A4F7556}") = "P&S Reality", "P&S Reality.csproj", "{539CC009-2671-4EDF-8AB3-F08637500DC5}"
EndProject
Global
	GlobalSection(SolutionConfigurationPlatforms) = preSolution
		Debug|Any CPU = Debug|Any CPU
		Release|Any CPU = Release|Any CPU
	EndGlobalSection
	GlobalSection(ProjectConfigurationPlatforms) = postSolution
		{539CC009-2671-4EDF-8AB3-F08637500DC5}.Debug|Any CPU.ActiveCfg = Debug|Any CPU
		{539CC009-2671-4EDF-8AB3-F08637500DC5}.Debug|Any CPU.Build.0 = Debug|Any CPU
		{539CC009-2671-4EDF-8AB3-F08637500DC5}.Release|Any CPU.ActiveCfg = Release|Any CPU
		{539CC009-2671-4EDF-8AB3-F08637500DC5}.Release|Any CPU.Build.0 = Release|Any CPU
	EndGlobalSection
	GlobalSection(SolutionProperties) = preSolution
		HideSolutionNode = FALSE
	EndGlobalSection
	GlobalSection(ExtensibilityGlobals) = postSolution
		SolutionGuid = {8CE46785-F699-443A-B16E-96C68421AF15}
	EndGlobalSection
EndGlobal
